
Microsoft Visual Studio Solution File, Format Version 12.00
# Visual Studio Version 17
VisualStudioVersion = 17.11.35312.102
MinimumVisualStudioVersion = 10.0.40219.1
Project("{FAE04EC0-301F-11D3-BF4B-00C04F79EFBC}") = "ThuLamBaiTapLon2", "ThuLamBaiTapLon2.csproj", "{057D6EC0-4ACC-4A4B-9D43-2E5FA58794B6}"
EndProject
Global
	GlobalSection(SolutionConfigurationPlatforms) = preSolution
		Debug|Any CPU = Debug|Any CPU
		Release|Any CPU = Release|Any CPU
	EndGlobalSection
	GlobalSection(ProjectConfigurationPlatforms) = postSolution
		{057D6EC0-4ACC-4A4B-9D43-2E5FA58794B6}.Debug|Any CPU.ActiveCfg = Debug|Any CPU
		{057D6EC0-4ACC-4A4B-9D43-2E5FA58794B6}.Debug|Any CPU.Build.0 = Debug|Any CPU
		{057D6EC0-4ACC-4A4B-9D43-2E5FA58794B6}.Release|Any CPU.ActiveCfg = Release|Any CPU
		{057D6EC0-4ACC-4A4B-9D43-2E5FA58794B6}.Release|Any CPU.Build.0 = Release|Any CPU
	EndGlobalSection
	GlobalSection(SolutionProperties) = preSolution
		HideSolutionNode = FALSE
	EndGlobalSection
	GlobalSection(ExtensibilityGlobals) = postSolution
		SolutionGuid = {42F39854-245E-4364-A0E3-0650BFB3257D}
	EndGlobalSection
EndGlobal
